
Microsoft Visual Studio Solution File, Format Version 12.00
# Visual Studio 2013
VisualStudioVersion = 12.0.21005.1
MinimumVisualStudioVersion = 10.0.40219.1
Project("{FAE04EC0-301F-11D3-BF4B-00C04F79EFBC}") = "01.Shapes", "01.Shapes\01.Shapes.csproj", "{3A4F012C-C356-4B85-9770-40868ED54970}"
EndProject
Project("{FAE04EC0-301F-11D3-BF4B-00C04F79EFBC}") = "03.Range Exceptions", "03.Range Exceptions\03.Range Exceptions.csproj", "{10E959C3-8A2B-4894-8E85-8D8A88A23AA0}"
EndProject
Project("{FAE04EC0-301F-11D3-BF4B-00C04F79EFBC}") = "02.Bank accounts", "02.Bank accounts\02.Bank accounts.csproj", "{3C3E1C0F-C549-4E64-9A10-CCE930F8E35C}"
EndProject
Global
	GlobalSection(SolutionConfigurationPlatforms) = preSolution
		Debug|Any CPU = Debug|Any CPU
		Release|Any CPU = Release|Any CPU
	EndGlobalSection
	GlobalSection(ProjectConfigurationPlatforms) = postSolution
		{3A4F012C-C356-4B85-9770-40868ED54970}.Debug|Any CPU.ActiveCfg = Debug|Any CPU
		{3A4F012C-C356-4B85-9770-40868ED54970}.Debug|Any CPU.Build.0 = Debug|Any CPU
		{3A4F012C-C356-4B85-9770-40868ED54970}.Release|Any CPU.ActiveCfg = Release|Any CPU
		{3A4F012C-C356-4B85-9770-40868ED54970}.Release|Any CPU.Build.0 = Release|Any CPU
		{10E959C3-8A2B-4894-8E85-8D8A88A23AA0}.Debug|Any CPU.ActiveCfg = Debug|Any CPU
		{10E959C3-8A2B-4894-8E85-8D8A88A23AA0}.Debug|Any CPU.Build.0 = Debug|Any CPU
		{10E959C3-8A2B-4894-8E85-8D8A88A23AA0}.Release|Any CPU.ActiveCfg = Release|Any CPU
		{10E959C3-8A2B-4894-8E85-8D8A88A23AA0}.Release|Any CPU.Build.0 = Release|Any CPU
		{3C3E1C0F-C549-4E64-9A10-CCE930F8E35C}.Debug|Any CPU.ActiveCfg = Debug|Any CPU
		{3C3E1C0F-C549-4E64-9A10-CCE930F8E35C}.Debug|Any CPU.Build.0 = Debug|Any CPU
		{3C3E1C0F-C549-4E64-9A10-CCE930F8E35C}.Release|Any CPU.ActiveCfg = Release|Any CPU
		{3C3E1C0F-C549-4E64-9A10-CCE930F8E35C}.Release|Any CPU.Build.0 = Release|Any CPU
	EndGlobalSection
	GlobalSection(SolutionProperties) = preSolution
		HideSolutionNode = FALSE
	EndGlobalSection
EndGlobal
