
Microsoft Visual Studio Solution File, Format Version 12.00
# Visual Studio 2013
VisualStudioVersion = 12.0.21005.1
MinimumVisualStudioVersion = 10.0.40219.1
Project("{FAE04EC0-301F-11D3-BF4B-00C04F79EFBC}") = "01.School classes", "01.School classes\01.School classes.csproj", "{08BBF02A-9B09-4104-9523-3D9563DFB42E}"
EndProject
Project("{FAE04EC0-301F-11D3-BF4B-00C04F79EFBC}") = "02.Students and workers", "02.Students and workers\02.Students and workers.csproj", "{A581AAA4-1FDA-46E9-9F0C-98229ED4706D}"
EndProject
Project("{FAE04EC0-301F-11D3-BF4B-00C04F79EFBC}") = "03.Animal hierarchy", "03.Animal hierarchy\03.Animal hierarchy.csproj", "{A35B475D-C3B9-4945-A968-B9CEE48DA77A}"
EndProject
Global
	GlobalSection(SolutionConfigurationPlatforms) = preSolution
		Debug|Any CPU = Debug|Any CPU
		Release|Any CPU = Release|Any CPU
	EndGlobalSection
	GlobalSection(ProjectConfigurationPlatforms) = postSolution
		{08BBF02A-9B09-4104-9523-3D9563DFB42E}.Debug|Any CPU.ActiveCfg = Debug|Any CPU
		{08BBF02A-9B09-4104-9523-3D9563DFB42E}.Debug|Any CPU.Build.0 = Debug|Any CPU
		{08BBF02A-9B09-4104-9523-3D9563DFB42E}.Release|Any CPU.ActiveCfg = Release|Any CPU
		{08BBF02A-9B09-4104-9523-3D9563DFB42E}.Release|Any CPU.Build.0 = Release|Any CPU
		{A581AAA4-1FDA-46E9-9F0C-98229ED4706D}.Debug|Any CPU.ActiveCfg = Debug|Any CPU
		{A581AAA4-1FDA-46E9-9F0C-98229ED4706D}.Debug|Any CPU.Build.0 = Debug|Any CPU
		{A581AAA4-1FDA-46E9-9F0C-98229ED4706D}.Release|Any CPU.ActiveCfg = Release|Any CPU
		{A581AAA4-1FDA-46E9-9F0C-98229ED4706D}.Release|Any CPU.Build.0 = Release|Any CPU
		{A35B475D-C3B9-4945-A968-B9CEE48DA77A}.Debug|Any CPU.ActiveCfg = Debug|Any CPU
		{A35B475D-C3B9-4945-A968-B9CEE48DA77A}.Debug|Any CPU.Build.0 = Debug|Any CPU
		{A35B475D-C3B9-4945-A968-B9CEE48DA77A}.Release|Any CPU.ActiveCfg = Release|Any CPU
		{A35B475D-C3B9-4945-A968-B9CEE48DA77A}.Release|Any CPU.Build.0 = Release|Any CPU
	EndGlobalSection
	GlobalSection(SolutionProperties) = preSolution
		HideSolutionNode = FALSE
	EndGlobalSection
EndGlobal
